
Microsoft Visual Studio Solution File, Format Version 12.00
# Visual Studio 2012
Project("{FAE04EC0-301F-11D3-BF4B-00C04F79EFBC}") = "PInvoke", "PInvoke\PInvoke.csproj", "{3BA802FB-5340-40A7-B8BC-5E9C49D5A252}"
EndProject
Global
	GlobalSection(SolutionConfigurationPlatforms) = preSolution
		Debug|x86 = Debug|x86
		Release|x86 = Release|x86
	EndGlobalSection
	GlobalSection(ProjectConfigurationPlatforms) = postSolution
		{3BA802FB-5340-40A7-B8BC-5E9C49D5A252}.Debug|x86.ActiveCfg = Debug|x86
		{3BA802FB-5340-40A7-B8BC-5E9C49D5A252}.Debug|x86.Build.0 = Debug|x86
		{3BA802FB-5340-40A7-B8BC-5E9C49D5A252}.Release|x86.ActiveCfg = Release|x86
		{3BA802FB-5340-40A7-B8BC-5E9C49D5A252}.Release|x86.Build.0 = Release|x86
	EndGlobalSection
EndGlobal
